
Microsoft Visual Studio Solution File, Format Version 12.00
# Visual Studio Version 17
VisualStudioVersion = 17.7.34031.279
MinimumVisualStudioVersion = 10.0.40219.1
Project("{9A19103F-16F7-4668-BE54-9A1E7A4F7556}") = "HabitAqui", "HabitAqui.csproj", "{548D4E26-9CDB-466D-AACC-9C5B19610121}"
EndProject
Global
	GlobalSection(SolutionConfigurationPlatforms) = preSolution
		Debug|Any CPU = Debug|Any CPU
		Release|Any CPU = Release|Any CPU
	EndGlobalSection
	GlobalSection(ProjectConfigurationPlatforms) = postSolution
		{548D4E26-9CDB-466D-AACC-9C5B19610121}.Debug|Any CPU.ActiveCfg = Debug|Any CPU
		{548D4E26-9CDB-466D-AACC-9C5B19610121}.Debug|Any CPU.Build.0 = Debug|Any CPU
		{548D4E26-9CDB-466D-AACC-9C5B19610121}.Release|Any CPU.ActiveCfg = Release|Any CPU
		{548D4E26-9CDB-466D-AACC-9C5B19610121}.Release|Any CPU.Build.0 = Release|Any CPU
	EndGlobalSection
	GlobalSection(SolutionProperties) = preSolution
		HideSolutionNode = FALSE
	EndGlobalSection
	GlobalSection(ExtensibilityGlobals) = postSolution
		SolutionGuid = {ADC50209-BF12-4A28-AF48-7460FAAED6C2}
	EndGlobalSection
EndGlobal
